
Microsoft Visual Studio Solution File, Format Version 12.00
# Visual Studio 15
Project("{FAE04EC0-301F-11D3-BF4B-00C04F79EFBC}") = "Unknown", "Assembly-CSharp.csproj", "{60836173-A0E4-C9CC-C88A-F2BA0DE78FCA}"
EndProject
Project("{FAE04EC0-301F-11D3-BF4B-00C04F79EFBC}") = "Unknown", "Assembly-CSharp-Editor.csproj", "{849987AA-A05B-5448-C9B3-282A87B11EF4}"
EndProject
Global
	GlobalSection(SolutionConfigurationPlatforms) = preSolution
		Debug|Any CPU = Debug|Any CPU
		Release|Any CPU = Release|Any CPU
	EndGlobalSection
	GlobalSection(ProjectConfigurationPlatforms) = postSolution
		{60836173-A0E4-C9CC-C88A-F2BA0DE78FCA}.Debug|Any CPU.ActiveCfg = Debug|Any CPU
		{60836173-A0E4-C9CC-C88A-F2BA0DE78FCA}.Debug|Any CPU.Build.0 = Debug|Any CPU
		{60836173-A0E4-C9CC-C88A-F2BA0DE78FCA}.Release|Any CPU.ActiveCfg = Release|Any CPU
		{60836173-A0E4-C9CC-C88A-F2BA0DE78FCA}.Release|Any CPU.Build.0 = Release|Any CPU
		{849987AA-A05B-5448-C9B3-282A87B11EF4}.Debug|Any CPU.ActiveCfg = Debug|Any CPU
		{849987AA-A05B-5448-C9B3-282A87B11EF4}.Debug|Any CPU.Build.0 = Debug|Any CPU
		{849987AA-A05B-5448-C9B3-282A87B11EF4}.Release|Any CPU.ActiveCfg = Release|Any CPU
		{849987AA-A05B-5448-C9B3-282A87B11EF4}.Release|Any CPU.Build.0 = Release|Any CPU
	EndGlobalSection
	GlobalSection(SolutionProperties) = preSolution
		HideSolutionNode = FALSE
	EndGlobalSection
EndGlobal
